<?xml version="1.0" encoding="utf-8"?>
<Project ToolsVersion="4.0" xmlns="http://schemas.microsoft.com/developer/msbuild/2003">
  <ItemGroup>
    <Filter Include="Resource Files">
      <UniqueIdentifier>{67DA6AB6-F800-4c08-8B7A-83BB121AAD01}</UniqueIdentifier>
      <Extensions>rc;ico;cur;bmp;dlg;rc2;rct;bin;rgs;gif;jpg;jpeg;jpe;resx;tiff;tif;png;wav</Extensions>
    </Filter>
    <Filter Include="Math">
      <UniqueIdentifier>{8c00fda1-61cf-4298-b65e-7387f8f6afd3}</UniqueIdentifier>
    </Filter>
    <Filter Include="Math\Header Files">
      <UniqueIdentifier>{38e4e7d1-37f1-4c85-b518-97f0dc696195}</UniqueIdentifier>
    </Filter>
    <Filter Include="Math\Source Files">
      <UniqueIdentifier>{b78bbcec-3c45-453b-89fe-9351b43be613}</UniqueIdentifier>
    </Filter>
    <Filter Include="Utility">
      <UniqueIdentifier>{06459c3e-1589-489d-a70a-d9412d31518c}</UniqueIdentifier>
    </Filter>
    <Filter Include="Utility\Header Files">
      <UniqueIdentifier>{9ac3c482-a37c-4177-9151-77cbbabce593}</UniqueIdentifier>
    </Filter>
    <Filter Include="Utility\Source Files">
      <UniqueIdentifier>{cd418bf2-be4e-4b76-bc38-780ceb0b58a8}</UniqueIdentifier>
    </Filter>
    <Filter Include="Utility\tinyxml253">
      <UniqueIdentifier>{31fd4043-09be-4064-a615-0dcb415b8ba7}</UniqueIdentifier>
    </Filter>
    <Filter Include="Engine">
      <UniqueIdentifier>{d8d47333-33b0-4814-bb23-5c6086435cbe}</UniqueIdentifier>
    </Filter>
    <Filter Include="Engine\Header Files">
      <UniqueIdentifier>{5b5d395a-64fa-4135-a6a8-ee6e8142be2d}</UniqueIdentifier>
    </Filter>
    <Filter Include="Engine\Source Files">
      <UniqueIdentifier>{3a29e576-ae94-4d61-ae79-ba2c996bae11}</UniqueIdentifier>
    </Filter>
    <Filter Include="Render">
      <UniqueIdentifier>{9e7c755f-f9f0-48af-9acb-ce4b10eaac6d}</UniqueIdentifier>
    </Filter>
    <Filter Include="Render\D3D9">
      <UniqueIdentifier>{5bcf667d-2bc4-473d-9fc2-6f7db7a7c458}</UniqueIdentifier>
    </Filter>
    <Filter Include="Render\D3D9\Header Files">
      <UniqueIdentifier>{ea466a99-84cb-4b02-a887-3ff37f57c7f7}</UniqueIdentifier>
    </Filter>
    <Filter Include="Render\D3D9\Source Files">
      <UniqueIdentifier>{cbfa635c-f159-4652-bf40-a5e5ba8b3028}</UniqueIdentifier>
    </Filter>
    <Filter Include="Render\Header Files">
      <UniqueIdentifier>{1528f0dc-8d15-4ec9-b9bd-69da1b32b0c9}</UniqueIdentifier>
    </Filter>
    <Filter Include="Render\Source Files">
      <UniqueIdentifier>{b518fb46-a6e2-4f3c-be1d-e80783b97ae4}</UniqueIdentifier>
    </Filter>
    <Filter Include="Event">
      <UniqueIdentifier>{c2f73037-cba9-40e2-8bbc-474abf60a323}</UniqueIdentifier>
    </Filter>
    <Filter Include="Event\Header Files">
      <UniqueIdentifier>{c391949f-317b-4680-8143-7f64cde8d0e9}</UniqueIdentifier>
    </Filter>
    <Filter Include="Event\Source Files">
      <UniqueIdentifier>{cae812a3-7a64-47c4-9535-db660a374af5}</UniqueIdentifier>
    </Filter>
    <Filter Include="Resource">
      <UniqueIdentifier>{0700ebdd-59b0-4c7c-bc08-15723901f65e}</UniqueIdentifier>
    </Filter>
    <Filter Include="Resource\Header Files">
      <UniqueIdentifier>{1baecf80-a1bb-4f03-950f-fa5b199e5dd1}</UniqueIdentifier>
    </Filter>
    <Filter Include="Resource\Source Files">
      <UniqueIdentifier>{4746aed6-652d-49be-9edf-38cd0ae75605}</UniqueIdentifier>
    </Filter>
    <Filter Include="Memory">
      <UniqueIdentifier>{ee00cff9-557d-4ba7-a7a0-6ca21d2398d4}</UniqueIdentifier>
    </Filter>
    <Filter Include="Memory\Header Files">
      <UniqueIdentifier>{69f224ee-33b4-47e3-99cc-61690227fdb4}</UniqueIdentifier>
    </Filter>
    <Filter Include="Memory\Source Files">
      <UniqueIdentifier>{4a6e3859-1878-496c-bc0b-e91f23fc6a30}</UniqueIdentifier>
    </Filter>
    <Filter Include="Physics">
      <UniqueIdentifier>{c4d85d43-cc3d-4fc9-9b59-c07de25ecf58}</UniqueIdentifier>
    </Filter>
    <Filter Include="Physics\Header Files">
      <UniqueIdentifier>{dd3cd252-6ff6-481f-9587-9db629448921}</UniqueIdentifier>
    </Filter>
    <Filter Include="Physics\Source Files">
      <UniqueIdentifier>{661d981a-034e-4362-a4ff-d363a49f8631}</UniqueIdentifier>
    </Filter>
    <Filter Include="Scripting">
      <UniqueIdentifier>{3f1a092d-ca53-47e1-9778-b0261061c372}</UniqueIdentifier>
    </Filter>
    <Filter Include="Scripting\Source Files">
      <UniqueIdentifier>{60d5148e-4402-4f1a-8a12-22cf5a9a1de8}</UniqueIdentifier>
    </Filter>
    <Filter Include="Scripting\Header Files">
      <UniqueIdentifier>{c65f8d48-d29a-4824-b3a0-7d2abbe14cae}</UniqueIdentifier>
    </Filter>
    <Filter Include="Process">
      <UniqueIdentifier>{1c2fdc8d-37cd-4cc2-a170-59402e198b66}</UniqueIdentifier>
    </Filter>
    <Filter Include="Process\Header Files">
      <UniqueIdentifier>{324541fd-bf3b-4b40-a03d-824ce80352dd}</UniqueIdentifier>
    </Filter>
    <Filter Include="Process\Source Files">
      <UniqueIdentifier>{8bd918d3-4902-41c1-95b5-d616b5f3a7e1}</UniqueIdentifier>
    </Filter>
    <Filter Include="Sound">
      <UniqueIdentifier>{acd809a8-4011-4a0d-b74c-031e6e31c6ad}</UniqueIdentifier>
    </Filter>
    <Filter Include="Sound\Header Files">
      <UniqueIdentifier>{754dbc17-9b70-4b5b-b5e9-4e1ee127a180}</UniqueIdentifier>
    </Filter>
    <Filter Include="Sound\Source Files">
      <UniqueIdentifier>{a790eb24-8232-4873-9c03-e0a498187813}</UniqueIdentifier>
    </Filter>
    <Filter Include="Effect">
      <UniqueIdentifier>{4964a3ef-c2c6-4ab7-ab2c-d8e744e2f677}</UniqueIdentifier>
    </Filter>
    <Filter Include="UI">
      <UniqueIdentifier>{e2bcf630-a3e8-4498-b942-2a48d3800e64}</UniqueIdentifier>
    </Filter>
    <Filter Include="UI\Header Files">
      <UniqueIdentifier>{954efb2e-daf6-42d1-b832-175da46adf0c}</UniqueIdentifier>
    </Filter>
    <Filter Include="UI\Source Files">
      <UniqueIdentifier>{6536625e-333a-4fd3-8ce2-4412238ee430}</UniqueIdentifier>
    </Filter>
    <Filter Include="Network">
      <UniqueIdentifier>{4d4a90a9-83f3-4b3b-b4dd-45c796773e09}</UniqueIdentifier>
    </Filter>
    <Filter Include="Network\Source Files">
      <UniqueIdentifier>{8f187b7c-b56f-40c9-8c21-7dc45fb76c39}</UniqueIdentifier>
    </Filter>
    <Filter Include="Network\Header Files">
      <UniqueIdentifier>{69048154-65fc-4641-b909-66992035b8a3}</UniqueIdentifier>
    </Filter>
  </ItemGroup>
  <ItemGroup>
    <ClInclude Include="Math\FastMath.h">
      <Filter>Math\Header Files</Filter>
    </ClInclude>
    <ClInclude Include="Math\NoiseWrapper.h">
      <Filter>Math\Header Files</Filter>
    </ClInclude>
    <ClInclude Include="Math\Plane3.h">
      <Filter>Math\Header Files</Filter>
    </ClInclude>
    <ClInclude Include="Math\TMatrix4x4.h">
      <Filter>Math\Header Files</Filter>
    </ClInclude>
    <ClInclude Include="Math\TQuaternion.h">
      <Filter>Math\Header Files</Filter>
    </ClInclude>
    <ClInclude Include="Math\TVector2.h">
      <Filter>Math\Header Files</Filter>
    </ClInclude>
    <ClInclude Include="Math\TVector3.h">
      <Filter>Math\Header Files</Filter>
    </ClInclude>
    <ClInclude Include="Math\TVector4.h">
      <Filter>Math\Header Files</Filter>
    </ClInclude>
    <ClInclude Include="Utility\BitField.h">
      <Filter>Utility\Header Files</Filter>
    </ClInclude>
    <ClInclude Include="Utility\ConcurrentQueue.h">
      <Filter>Utility\Header Files</Filter>
    </ClInclude>
    <ClInclude Include="Utility\CVar.h">
      <Filter>Utility\Header Files</Filter>
    </ClInclude>
    <ClInclude Include="Utility\Factory.h">
      <Filter>Utility\Header Files</Filter>
    </ClInclude>
    <ClInclude Include="Utility\Singleton.h">
      <Filter>Utility\Header Files</Filter>
    </ClInclude>
    <ClInclude Include="Utility\Typedefs.h">
      <Filter>Utility\Header Files</Filter>
    </ClInclude>
    <ClInclude Include="Utility\tinyxml253\tinystr.h">
      <Filter>Utility\tinyxml253</Filter>
    </ClInclude>
    <ClInclude Include="Utility\tinyxml253\tinyxml.h">
      <Filter>Utility\tinyxml253</Filter>
    </ClInclude>
    <ClInclude Include="ClipmapPyramid.h">
      <Filter>Engine\Header Files</Filter>
    </ClInclude>
    <ClInclude Include="ClipmapRegion.h">
      <Filter>Engine\Header Files</Filter>
    </ClInclude>
    <ClInclude Include="Engine.h">
      <Filter>Engine\Header Files</Filter>
    </ClInclude>
    <ClInclude Include="EngineEvents.h">
      <Filter>Engine\Header Files</Filter>
    </ClInclude>
    <ClInclude Include="hidusage.h">
      <Filter>Engine\Header Files</Filter>
    </ClInclude>
    <ClInclude Include="HighPerfTimer.h">
      <Filter>Engine\Header Files</Filter>
    </ClInclude>
    <ClInclude Include="ISphereNode.h">
      <Filter>Engine\Header Files</Filter>
    </ClInclude>
    <ClInclude Include="ISphereTree.h">
      <Filter>Engine\Header Files</Filter>
    </ClInclude>
    <ClInclude Include="Planet.h">
      <Filter>Engine\Header Files</Filter>
    </ClInclude>
    <ClInclude Include="Settings.h">
      <Filter>Engine\Header Files</Filter>
    </ClInclude>
    <ClInclude Include="SphericalTerrain.h">
      <Filter>Engine\Header Files</Filter>
    </ClInclude>
    <ClInclude Include="Win32.h">
      <Filter>Engine\Header Files</Filter>
    </ClInclude>
    <ClInclude Include="Render\Camera_D3D9.h">
      <Filter>Render\D3D9\Header Files</Filter>
    </ClInclude>
    <ClInclude Include="Render\D3D9Debug.h">
      <Filter>Render\D3D9\Header Files</Filter>
    </ClInclude>
    <ClInclude Include="Render\Effect_D3D9.h">
      <Filter>Render\D3D9\Header Files</Filter>
    </ClInclude>
    <ClInclude Include="Render\Material_D3D9.h">
      <Filter>Render\D3D9\Header Files</Filter>
    </ClInclude>
    <ClInclude Include="Render\RenderManager_D3D9.h">
      <Filter>Render\D3D9\Header Files</Filter>
    </ClInclude>
    <ClInclude Include="Render\RenderObject_D3D9.h">
      <Filter>Render\D3D9\Header Files</Filter>
    </ClInclude>
    <ClInclude Include="Render\RenderOptions.h">
      <Filter>Render\D3D9\Header Files</Filter>
    </ClInclude>
    <ClInclude Include="Render\Resource_D3D9.h">
      <Filter>Render\D3D9\Header Files</Filter>
    </ClInclude>
    <ClInclude Include="Render\Texture_D3D9.h">
      <Filter>Render\D3D9\Header Files</Filter>
    </ClInclude>
    <ClInclude Include="Render\Font_TTF.h">
      <Filter>Render\Header Files</Filter>
    </ClInclude>
    <ClInclude Include="Render\ImageProcessing.h">
      <Filter>Render\Header Files</Filter>
    </ClInclude>
    <ClInclude Include="Render\RenderEvents.h">
      <Filter>Render\Header Files</Filter>
    </ClInclude>
    <ClInclude Include="Render\Scene.h">
      <Filter>Render\Header Files</Filter>
    </ClInclude>
    <ClInclude Include="Event\Event.h">
      <Filter>Event\Header Files</Filter>
    </ClInclude>
    <ClInclude Include="Event\EventHandler.h">
      <Filter>Event\Header Files</Filter>
    </ClInclude>
    <ClInclude Include="Event\EventListener.h">
      <Filter>Event\Header Files</Filter>
    </ClInclude>
    <ClInclude Include="Event\EventManager.h">
      <Filter>Event\Header Files</Filter>
    </ClInclude>
    <ClInclude Include="Event\RegisteredEvents.h">
      <Filter>Event\Header Files</Filter>
    </ClInclude>
    <ClInclude Include="Resource\ResCache.h">
      <Filter>Resource\Header Files</Filter>
    </ClInclude>
    <ClInclude Include="Resource\ResHandle.h">
      <Filter>Resource\Header Files</Filter>
    </ClInclude>
    <ClInclude Include="Resource\ResourceProcess.h">
      <Filter>Resource\Header Files</Filter>
    </ClInclude>
    <ClInclude Include="Resource\Win32MemoryMappedFile.h">
      <Filter>Resource\Header Files</Filter>
    </ClInclude>
    <ClInclude Include="Resource\ZipFile.h">
      <Filter>Resource\Header Files</Filter>
    </ClInclude>
    <ClInclude Include="Physics\Airfoil.h">
      <Filter>Physics\Header Files</Filter>
    </ClInclude>
    <ClInclude Include="Physics\Airframe.h">
      <Filter>Physics\Header Files</Filter>
    </ClInclude>
    <ClInclude Include="Physics\FlightModel.h">
      <Filter>Physics\Header Files</Filter>
    </ClInclude>
    <ClInclude Include="Physics\Integrator.h">
      <Filter>Physics\Header Files</Filter>
    </ClInclude>
    <ClInclude Include="Physics\Physics.h">
      <Filter>Physics\Header Files</Filter>
    </ClInclude>
    <ClInclude Include="Physics\PhysicsEvents.h">
      <Filter>Physics\Header Files</Filter>
    </ClInclude>
    <ClInclude Include="Physics\RigidBody.h">
      <Filter>Physics\Header Files</Filter>
    </ClInclude>
    <ClInclude Include="Scripting\ScriptFile_Lua.h">
      <Filter>Scripting\Header Files</Filter>
    </ClInclude>
    <ClInclude Include="Scripting\ScriptingEvents.h">
      <Filter>Scripting\Header Files</Filter>
    </ClInclude>
    <ClInclude Include="Scripting\ScriptManager_Lua.h">
      <Filter>Scripting\Header Files</Filter>
    </ClInclude>
    <ClInclude Include="Process\ProcessManager.h">
      <Filter>Process\Header Files</Filter>
    </ClInclude>
    <ClInclude Include="Process\ThreadProcess.h">
      <Filter>Process\Header Files</Filter>
    </ClInclude>
    <ClInclude Include="UI\UIElements.h">
      <Filter>UI\Header Files</Filter>
    </ClInclude>
    <ClInclude Include="UI\UISkin.h">
      <Filter>UI\Header Files</Filter>
    </ClInclude>
    <ClInclude Include="Network\TCPServer.h">
      <Filter>Network\Header Files</Filter>
    </ClInclude>
  </ItemGroup>
  <ItemGroup>
    <ClCompile Include="Math\FastMath.cpp">
      <Filter>Math\Source Files</Filter>
    </ClCompile>
    <ClCompile Include="Math\NoiseWrapper.cpp">
      <Filter>Math\Source Files</Filter>
    </ClCompile>
    <ClCompile Include="Math\Plane3.cpp">
      <Filter>Math\Source Files</Filter>
    </ClCompile>
    <ClCompile Include="Utility\CVar.cpp">
      <Filter>Utility\Source Files</Filter>
    </ClCompile>
    <ClCompile Include="Utility\Factory.cpp">
      <Filter>Utility\Source Files</Filter>
    </ClCompile>
    <ClCompile Include="Utility\tinyxml253\tinystr.cpp">
      <Filter>Utility\tinyxml253</Filter>
    </ClCompile>
    <ClCompile Include="Utility\tinyxml253\tinyxml.cpp">
      <Filter>Utility\tinyxml253</Filter>
    </ClCompile>
    <ClCompile Include="Utility\tinyxml253\tinyxmlerror.cpp">
      <Filter>Utility\tinyxml253</Filter>
    </ClCompile>
    <ClCompile Include="Utility\tinyxml253\tinyxmlparser.cpp">
      <Filter>Utility\tinyxml253</Filter>
    </ClCompile>
    <ClCompile Include="ClipmapPyramid.cpp">
      <Filter>Engine\Source Files</Filter>
    </ClCompile>
    <ClCompile Include="ClipmapRegion.cpp">
      <Filter>Engine\Source Files</Filter>
    </ClCompile>
    <ClCompile Include="Engine.cpp">
      <Filter>Engine\Source Files</Filter>
    </ClCompile>
    <ClCompile Include="EngineEvents.cpp">
      <Filter>Engine\Source Files</Filter>
    </ClCompile>
    <ClCompile Include="HighPerfTimer.cpp">
      <Filter>Engine\Source Files</Filter>
    </ClCompile>
    <ClCompile Include="ISphereNode.cpp">
      <Filter>Engine\Source Files</Filter>
    </ClCompile>
    <ClCompile Include="ISphereTree.cpp">
      <Filter>Engine\Source Files</Filter>
    </ClCompile>
    <ClCompile Include="Planet.cpp">
      <Filter>Engine\Source Files</Filter>
    </ClCompile>
    <ClCompile Include="SphericalTerrain.cpp">
      <Filter>Engine\Source Files</Filter>
    </ClCompile>
    <ClCompile Include="Win32.cpp">
      <Filter>Engine\Source Files</Filter>
    </ClCompile>
    <ClCompile Include="WinMain.cpp">
      <Filter>Engine\Source Files</Filter>
    </ClCompile>
    <ClCompile Include="Render\Camera_D3D9.cpp">
      <Filter>Render\D3D9\Source Files</Filter>
    </ClCompile>
    <ClCompile Include="Render\Effect_D3D9.cpp">
      <Filter>Render\D3D9\Source Files</Filter>
    </ClCompile>
    <ClCompile Include="Render\Material_D3D9.cpp">
      <Filter>Render\D3D9\Source Files</Filter>
    </ClCompile>
    <ClCompile Include="Render\RenderManager_D3D9.cpp">
      <Filter>Render\D3D9\Source Files</Filter>
    </ClCompile>
    <ClCompile Include="Render\RenderObject_D3D9.cpp">
      <Filter>Render\D3D9\Source Files</Filter>
    </ClCompile>
    <ClCompile Include="Render\Texture_D3D9.cpp">
      <Filter>Render\D3D9\Source Files</Filter>
    </ClCompile>
    <ClCompile Include="Render\Font_TTF.cpp">
      <Filter>Render\Source Files</Filter>
    </ClCompile>
    <ClCompile Include="Render\ImageProcessing.cpp">
      <Filter>Render\Source Files</Filter>
    </ClCompile>
    <ClCompile Include="Render\Scene.cpp">
      <Filter>Render\Source Files</Filter>
    </ClCompile>
    <ClCompile Include="Event\Event.cpp">
      <Filter>Event\Source Files</Filter>
    </ClCompile>
    <ClCompile Include="Event\EventListener.cpp">
      <Filter>Event\Source Files</Filter>
    </ClCompile>
    <ClCompile Include="Event\EventManager.cpp">
      <Filter>Event\Source Files</Filter>
    </ClCompile>
    <ClCompile Include="Resource\ResCache.cpp">
      <Filter>Resource\Source Files</Filter>
    </ClCompile>
    <ClCompile Include="Resource\ResHandle.cpp">
      <Filter>Resource\Source Files</Filter>
    </ClCompile>
    <ClCompile Include="Resource\ResourceProcess.cpp">
      <Filter>Resource\Source Files</Filter>
    </ClCompile>
    <ClCompile Include="Resource\Win32MemoryMappedFile.cpp">
      <Filter>Resource\Source Files</Filter>
    </ClCompile>
    <ClCompile Include="Resource\ZipFile.cpp">
      <Filter>Resource\Source Files</Filter>
    </ClCompile>
    <ClCompile Include="Physics\FlightModel.cpp">
      <Filter>Physics\Source Files</Filter>
    </ClCompile>
    <ClCompile Include="Physics\Integrator.cpp">
      <Filter>Physics\Source Files</Filter>
    </ClCompile>
    <ClCompile Include="Physics\Physics.cpp">
      <Filter>Physics\Source Files</Filter>
    </ClCompile>
    <ClCompile Include="Physics\PhysicsEvents.cpp">
      <Filter>Physics\Source Files</Filter>
    </ClCompile>
    <ClCompile Include="Physics\RigidBody.cpp">
      <Filter>Physics\Source Files</Filter>
    </ClCompile>
    <ClCompile Include="Scripting\ScriptFile_Lua.cpp">
      <Filter>Scripting\Source Files</Filter>
    </ClCompile>
    <ClCompile Include="Scripting\ScriptManager_Lua.cpp">
      <Filter>Scripting\Source Files</Filter>
    </ClCompile>
    <ClCompile Include="Process\ProcessManager.cpp">
      <Filter>Process\Source Files</Filter>
    </ClCompile>
    <ClCompile Include="Process\ThreadProcess.cpp">
      <Filter>Process\Source Files</Filter>
    </ClCompile>
    <ClCompile Include="UI\UIElements.cpp">
      <Filter>UI\Source Files</Filter>
    </ClCompile>
    <ClCompile Include="UI\UISkin.cpp">
      <Filter>UI\Source Files</Filter>
    </ClCompile>
  </ItemGroup>
  <ItemGroup>
    <None Include="..\data\effect\phong.fx">
      <Filter>Effect</Filter>
    </None>
  </ItemGroup>
</Project>